// !$*UTF8*$!
{
	archiveVersion = 1;
	classes = {
	};
	objectVersion = 56;
	objects = {

/* Begin PBXBuildFile section */
		7E278F622C22AD26002B9CBC /* MovieFetcher.swift in Sources */ = {isa = PBXBuildFile; fileRef = 7E278F612C22AD26002B9CBC /* MovieFetcher.swift */; };
		7E278F652C22B288002B9CBC /* ViewState.swift in Sources */ = {isa = PBXBuildFile; fileRef = 7E278F642C22B288002B9CBC /* ViewState.swift */; };
		7E278F672C22B775002B9CBC /* ResultInformation.swift in Sources */ = {isa = PBXBuildFile; fileRef = 7E278F662C22B775002B9CBC /* ResultInformation.swift */; };
		7E278F6D2C22BAB7002B9CBC /* ChoiceMovieView+PopulatedState.swift in Sources */ = {isa = PBXBuildFile; fileRef = 7E278F6C2C22BAB7002B9CBC /* ChoiceMovieView+PopulatedState.swift */; };
		7E278F6F2C22BD3D002B9CBC /* ChoiceMovieView+EmptyState.swift in Sources */ = {isa = PBXBuildFile; fileRef = 7E278F6E2C22BD3D002B9CBC /* ChoiceMovieView+EmptyState.swift */; };
		7E7A8F7E2C22136B00B4784D /* MovieWarmApp.swift in Sources */ = {isa = PBXBuildFile; fileRef = 7E7A8F7D2C22136B00B4784D /* MovieWarmApp.swift */; };
		7E7A8F802C22136B00B4784D /* HomeView.swift in Sources */ = {isa = PBXBuildFile; fileRef = 7E7A8F7F2C22136B00B4784D /* HomeView.swift */; };
		7E7A8F822C22136C00B4784D /* Assets.xcassets in Resources */ = {isa = PBXBuildFile; fileRef = 7E7A8F812C22136C00B4784D /* Assets.xcassets */; };
		7E7A8F852C22136C00B4784D /* Preview Assets.xcassets in Resources */ = {isa = PBXBuildFile; fileRef = 7E7A8F842C22136C00B4784D /* Preview Assets.xcassets */; };
		7E7A8F922C22149900B4784D /* Movie.swift in Sources */ = {isa = PBXBuildFile; fileRef = 7E7A8F912C22149900B4784D /* Movie.swift */; };
		7E7A8F942C221FCC00B4784D /* Rating.swift in Sources */ = {isa = PBXBuildFile; fileRef = 7E7A8F932C221FCC00B4784D /* Rating.swift */; };
		7E7A8F972C2220BA00B4784D /* MoviesDB.xcdatamodeld in Sources */ = {isa = PBXBuildFile; fileRef = 7E7A8F952C2220BA00B4784D /* MoviesDB.xcdatamodeld */; };
		7E7A8F9E2C222AA600B4784D /* String+Extension.swift in Sources */ = {isa = PBXBuildFile; fileRef = 7E7A8F9D2C222AA600B4784D /* String+Extension.swift */; };
		7E7A8FA02C222B0500B4784D /* Actor.swift in Sources */ = {isa = PBXBuildFile; fileRef = 7E7A8F9F2C222B0500B4784D /* Actor.swift */; };
		7E7A8FA42C222B8D00B4784D /* Collection+Extension.swift in Sources */ = {isa = PBXBuildFile; fileRef = 7E7A8FA32C222B8D00B4784D /* Collection+Extension.swift */; };
		7E7A8FA82C22347400B4784D /* MovieDBService.swift in Sources */ = {isa = PBXBuildFile; fileRef = 7E7A8FA72C22347400B4784D /* MovieDBService.swift */; };
		7E7A8FAA2C22376E00B4784D /* Movie+CoreDataProperties.swift in Sources */ = {isa = PBXBuildFile; fileRef = 7E7A8FA92C22376E00B4784D /* Movie+CoreDataProperties.swift */; };
		7E7A8FAC2C22378600B4784D /* Movie+CoreDataClass.swift in Sources */ = {isa = PBXBuildFile; fileRef = 7E7A8FAB2C22378600B4784D /* Movie+CoreDataClass.swift */; };
		7E7A8FAF2C223C6300B4784D /* Icons.swift in Sources */ = {isa = PBXBuildFile; fileRef = 7E7A8FAE2C223C6300B4784D /* Icons.swift */; };
		7E7A8FB22C223D9400B4784D /* Cover.swift in Sources */ = {isa = PBXBuildFile; fileRef = 7E7A8FB12C223D9400B4784D /* Cover.swift */; };
		7E7A8FB42C224A8600B4784D /* Description.swift in Sources */ = {isa = PBXBuildFile; fileRef = 7E7A8FB32C224A8600B4784D /* Description.swift */; };
		7E7A8FB62C224E9800B4784D /* DeleteButton.swift in Sources */ = {isa = PBXBuildFile; fileRef = 7E7A8FB52C224E9800B4784D /* DeleteButton.swift */; };
		7E7A8FB82C224F8900B4784D /* HomeView+EmptyStateView.swift in Sources */ = {isa = PBXBuildFile; fileRef = 7E7A8FB72C224F8900B4784D /* HomeView+EmptyStateView.swift */; };
		7E7A8FBA2C2250A700B4784D /* HomeView+PopulatedStateView.swift in Sources */ = {isa = PBXBuildFile; fileRef = 7E7A8FB92C2250A700B4784D /* HomeView+PopulatedStateView.swift */; };
		7E7A8FBC2C22512400B4784D /* HomeView+ViewModel.swift in Sources */ = {isa = PBXBuildFile; fileRef = 7E7A8FBB2C22512400B4784D /* HomeView+ViewModel.swift */; };
		7E7A8FDD2C22709700B4784D /* RatingStar.swift in Sources */ = {isa = PBXBuildFile; fileRef = 7E7A8FDC2C22709700B4784D /* RatingStar.swift */; };
		7E7A8FE02C227AF800B4784D /* EditView.swift in Sources */ = {isa = PBXBuildFile; fileRef = 7E7A8FDF2C227AF800B4784D /* EditView.swift */; };
		7E7A8FE32C228C1200B4784D /* NewMovieReviewView.swift in Sources */ = {isa = PBXBuildFile; fileRef = 7E7A8FE22C228C1200B4784D /* NewMovieReviewView.swift */; };
		7E7A8FE62C228C3700B4784D /* ChoiceMovieView.swift in Sources */ = {isa = PBXBuildFile; fileRef = 7E7A8FE52C228C3700B4784D /* ChoiceMovieView.swift */; };
		7E7A8FE92C228E8D00B4784D /* MovieInformation.swift in Sources */ = {isa = PBXBuildFile; fileRef = 7E7A8FE82C228E8D00B4784D /* MovieInformation.swift */; };
		7E7A8FEB2C228FCB00B4784D /* EmptyState.swift in Sources */ = {isa = PBXBuildFile; fileRef = 7E7A8FEA2C228FCB00B4784D /* EmptyState.swift */; };
		7E7A8FED2C2290C800B4784D /* ChoiceMovie+ViewModel.swift in Sources */ = {isa = PBXBuildFile; fileRef = 7E7A8FEC2C2290C800B4784D /* ChoiceMovie+ViewModel.swift */; };
		7E7A8FF12C229FEE00B4784D /* Configuration.swift in Sources */ = {isa = PBXBuildFile; fileRef = 7E7A8FF02C229FEE00B4784D /* Configuration.swift */; };
		7E7A8FF42C22A6AF00B4784D /* APIError.swift in Sources */ = {isa = PBXBuildFile; fileRef = 7E7A8FF32C22A6AF00B4784D /* APIError.swift */; };
		7E7A8FF72C22A6D300B4784D /* ConfigError.swift in Sources */ = {isa = PBXBuildFile; fileRef = 7E7A8FF62C22A6D300B4784D /* ConfigError.swift */; };
		7E93920B2C23639000EE5AEB /* NewMovieReviewView+ViewModel.swift in Sources */ = {isa = PBXBuildFile; fileRef = 7E93920A2C23639000EE5AEB /* NewMovieReviewView+ViewModel.swift */; };
		7E93920E2C236B1F00EE5AEB /* MovieDetailView.swift in Sources */ = {isa = PBXBuildFile; fileRef = 7E93920D2C236B1F00EE5AEB /* MovieDetailView.swift */; };
		7E9392112C237B0500EE5AEB /* MoreDetailView.swift in Sources */ = {isa = PBXBuildFile; fileRef = 7E9392102C237B0500EE5AEB /* MoreDetailView.swift */; };
		7E9392132C237DA800EE5AEB /* MovieDetailView+ViewModel.swift in Sources */ = {isa = PBXBuildFile; fileRef = 7E9392122C237DA800EE5AEB /* MovieDetailView+ViewModel.swift */; };
		7E9392152C2394A000EE5AEB /* Writer.swift in Sources */ = {isa = PBXBuildFile; fileRef = 7E9392142C2394A000EE5AEB /* Writer.swift */; };
		7E93921A2C23A51600EE5AEB /* EditReviewView.swift in Sources */ = {isa = PBXBuildFile; fileRef = 7E9392192C23A51600EE5AEB /* EditReviewView.swift */; };
		7E93921C2C23A56800EE5AEB /* EditReviewView+ViewModel.swift in Sources */ = {isa = PBXBuildFile; fileRef = 7E93921B2C23A56800EE5AEB /* EditReviewView+ViewModel.swift */; };
		7E9392262C23C62800EE5AEB /* SplashView.swift in Sources */ = {isa = PBXBuildFile; fileRef = 7E9392252C23C62800EE5AEB /* SplashView.swift */; };
		7E93922B2C241DC200EE5AEB /* README.md in Resources */ = {isa = PBXBuildFile; fileRef = 7E93922A2C241DC200EE5AEB /* README.md */; };
		7E93922E2C241E1C00EE5AEB /* LICENSE in Resources */ = {isa = PBXBuildFile; fileRef = 7E93922C2C241E1C00EE5AEB /* LICENSE */; };
/* End PBXBuildFile section */

/* Begin PBXContainerItemProxy section */
		7E51FB132C24DB7F00E03192 /* PBXContainerItemProxy */ = {
			isa = PBXContainerItemProxy;
			containerPortal = 7E7A8F722C22136B00B4784D /* Project object */;
			proxyType = 1;
			remoteGlobalIDString = 7E7A8F792C22136B00B4784D;
			remoteInfo = MovieWarm;
		};
/* End PBXContainerItemProxy section */

/* Begin PBXFileReference section */
		7E278F612C22AD26002B9CBC /* MovieFetcher.swift */ = {isa = PBXFileReference; lastKnownFileType = sourcecode.swift; path = MovieFetcher.swift; sourceTree = "<group>"; };
		7E278F642C22B288002B9CBC /* ViewState.swift */ = {isa = PBXFileReference; lastKnownFileType = sourcecode.swift; path = ViewState.swift; sourceTree = "<group>"; };
		7E278F662C22B775002B9CBC /* ResultInformation.swift */ = {isa = PBXFileReference; lastKnownFileType = sourcecode.swift; path = ResultInformation.swift; sourceTree = "<group>"; };
		7E278F6C2C22BAB7002B9CBC /* ChoiceMovieView+PopulatedState.swift */ = {isa = PBXFileReference; lastKnownFileType = sourcecode.swift; path = "ChoiceMovieView+PopulatedState.swift"; sourceTree = "<group>"; };
		7E278F6E2C22BD3D002B9CBC /* ChoiceMovieView+EmptyState.swift */ = {isa = PBXFileReference; lastKnownFileType = sourcecode.swift; path = "ChoiceMovieView+EmptyState.swift"; sourceTree = "<group>"; };
		7E51FB0F2C24DB7F00E03192 /* MovieWarmTests.xctest */ = {isa = PBXFileReference; explicitFileType = wrapper.cfbundle; includeInIndex = 0; path = MovieWarmTests.xctest; sourceTree = BUILT_PRODUCTS_DIR; };
		7E7A8F7A2C22136B00B4784D /* MovieWarm.app */ = {isa = PBXFileReference; explicitFileType = wrapper.application; includeInIndex = 0; path = MovieWarm.app; sourceTree = BUILT_PRODUCTS_DIR; };
		7E7A8F7D2C22136B00B4784D /* MovieWarmApp.swift */ = {isa = PBXFileReference; lastKnownFileType = sourcecode.swift; path = MovieWarmApp.swift; sourceTree = "<group>"; };
		7E7A8F7F2C22136B00B4784D /* HomeView.swift */ = {isa = PBXFileReference; lastKnownFileType = sourcecode.swift; path = HomeView.swift; sourceTree = "<group>"; };
		7E7A8F812C22136C00B4784D /* Assets.xcassets */ = {isa = PBXFileReference; lastKnownFileType = folder.assetcatalog; path = Assets.xcassets; sourceTree = "<group>"; };
		7E7A8F842C22136C00B4784D /* Preview Assets.xcassets */ = {isa = PBXFileReference; lastKnownFileType = folder.assetcatalog; path = "Preview Assets.xcassets"; sourceTree = "<group>"; };
		7E7A8F912C22149900B4784D /* Movie.swift */ = {isa = PBXFileReference; lastKnownFileType = sourcecode.swift; path = Movie.swift; sourceTree = "<group>"; };
		7E7A8F932C221FCC00B4784D /* Rating.swift */ = {isa = PBXFileReference; lastKnownFileType = sourcecode.swift; path = Rating.swift; sourceTree = "<group>"; };
		7E7A8F962C2220BA00B4784D /* MoviesDB.xcdatamodel */ = {isa = PBXFileReference; lastKnownFileType = wrapper.xcdatamodel; path = MoviesDB.xcdatamodel; sourceTree = "<group>"; };
		7E7A8F9D2C222AA600B4784D /* String+Extension.swift */ = {isa = PBXFileReference; lastKnownFileType = sourcecode.swift; path = "String+Extension.swift"; sourceTree = "<group>"; };
		7E7A8F9F2C222B0500B4784D /* Actor.swift */ = {isa = PBXFileReference; lastKnownFileType = sourcecode.swift; path = Actor.swift; sourceTree = "<group>"; };
		7E7A8FA32C222B8D00B4784D /* Collection+Extension.swift */ = {isa = PBXFileReference; lastKnownFileType = sourcecode.swift; path = "Collection+Extension.swift"; sourceTree = "<group>"; };
		7E7A8FA72C22347400B4784D /* MovieDBService.swift */ = {isa = PBXFileReference; lastKnownFileType = sourcecode.swift; path = MovieDBService.swift; sourceTree = "<group>"; };
		7E7A8FA92C22376E00B4784D /* Movie+CoreDataProperties.swift */ = {isa = PBXFileReference; fileEncoding = 4; lastKnownFileType = sourcecode.swift; path = "Movie+CoreDataProperties.swift"; sourceTree = "<group>"; };
		7E7A8FAB2C22378600B4784D /* Movie+CoreDataClass.swift */ = {isa = PBXFileReference; fileEncoding = 4; lastKnownFileType = sourcecode.swift; path = "Movie+CoreDataClass.swift"; sourceTree = "<group>"; };
		7E7A8FAE2C223C6300B4784D /* Icons.swift */ = {isa = PBXFileReference; lastKnownFileType = sourcecode.swift; path = Icons.swift; sourceTree = "<group>"; };
		7E7A8FB12C223D9400B4784D /* Cover.swift */ = {isa = PBXFileReference; lastKnownFileType = sourcecode.swift; path = Cover.swift; sourceTree = "<group>"; };
		7E7A8FB32C224A8600B4784D /* Description.swift */ = {isa = PBXFileReference; lastKnownFileType = sourcecode.swift; path = Description.swift; sourceTree = "<group>"; };
		7E7A8FB52C224E9800B4784D /* DeleteButton.swift */ = {isa = PBXFileReference; lastKnownFileType = sourcecode.swift; path = DeleteButton.swift; sourceTree = "<group>"; };
		7E7A8FB72C224F8900B4784D /* HomeView+EmptyStateView.swift */ = {isa = PBXFileReference; lastKnownFileType = sourcecode.swift; path = "HomeView+EmptyStateView.swift"; sourceTree = "<group>"; };
		7E7A8FB92C2250A700B4784D /* HomeView+PopulatedStateView.swift */ = {isa = PBXFileReference; lastKnownFileType = sourcecode.swift; path = "HomeView+PopulatedStateView.swift"; sourceTree = "<group>"; };
		7E7A8FBB2C22512400B4784D /* HomeView+ViewModel.swift */ = {isa = PBXFileReference; lastKnownFileType = sourcecode.swift; path = "HomeView+ViewModel.swift"; sourceTree = "<group>"; };
		7E7A8FDC2C22709700B4784D /* RatingStar.swift */ = {isa = PBXFileReference; lastKnownFileType = sourcecode.swift; path = RatingStar.swift; sourceTree = "<group>"; };
		7E7A8FDF2C227AF800B4784D /* EditView.swift */ = {isa = PBXFileReference; lastKnownFileType = sourcecode.swift; path = EditView.swift; sourceTree = "<group>"; };
		7E7A8FE22C228C1200B4784D /* NewMovieReviewView.swift */ = {isa = PBXFileReference; lastKnownFileType = sourcecode.swift; path = NewMovieReviewView.swift; sourceTree = "<group>"; };
		7E7A8FE52C228C3700B4784D /* ChoiceMovieView.swift */ = {isa = PBXFileReference; lastKnownFileType = sourcecode.swift; path = ChoiceMovieView.swift; sourceTree = "<group>"; };
		7E7A8FE82C228E8D00B4784D /* MovieInformation.swift */ = {isa = PBXFileReference; lastKnownFileType = sourcecode.swift; path = MovieInformation.swift; sourceTree = "<group>"; };
		7E7A8FEA2C228FCB00B4784D /* EmptyState.swift */ = {isa = PBXFileReference; lastKnownFileType = sourcecode.swift; path = EmptyState.swift; sourceTree = "<group>"; };
		7E7A8FEC2C2290C800B4784D /* ChoiceMovie+ViewModel.swift */ = {isa = PBXFileReference; lastKnownFileType = sourcecode.swift; path = "ChoiceMovie+ViewModel.swift"; sourceTree = "<group>"; };
		7E7A8FEE2C229E7400B4784D /* Config.xcconfig */ = {isa = PBXFileReference; lastKnownFileType = text.xcconfig; path = Config.xcconfig; sourceTree = "<group>"; };
		7E7A8FEF2C229F1700B4784D /* Info.plist */ = {isa = PBXFileReference; lastKnownFileType = text.plist.xml; path = Info.plist; sourceTree = "<group>"; };
		7E7A8FF02C229FEE00B4784D /* Configuration.swift */ = {isa = PBXFileReference; fileEncoding = 4; lastKnownFileType = sourcecode.swift; path = Configuration.swift; sourceTree = "<group>"; };
		7E7A8FF32C22A6AF00B4784D /* APIError.swift */ = {isa = PBXFileReference; lastKnownFileType = sourcecode.swift; path = APIError.swift; sourceTree = "<group>"; };
		7E7A8FF62C22A6D300B4784D /* ConfigError.swift */ = {isa = PBXFileReference; lastKnownFileType = sourcecode.swift; path = ConfigError.swift; sourceTree = "<group>"; };
		7E93920A2C23639000EE5AEB /* NewMovieReviewView+ViewModel.swift */ = {isa = PBXFileReference; lastKnownFileType = sourcecode.swift; path = "NewMovieReviewView+ViewModel.swift"; sourceTree = "<group>"; };
		7E93920D2C236B1F00EE5AEB /* MovieDetailView.swift */ = {isa = PBXFileReference; lastKnownFileType = sourcecode.swift; path = MovieDetailView.swift; sourceTree = "<group>"; };
		7E9392102C237B0500EE5AEB /* MoreDetailView.swift */ = {isa = PBXFileReference; lastKnownFileType = sourcecode.swift; path = MoreDetailView.swift; sourceTree = "<group>"; };
		7E9392122C237DA800EE5AEB /* MovieDetailView+ViewModel.swift */ = {isa = PBXFileReference; lastKnownFileType = sourcecode.swift; path = "MovieDetailView+ViewModel.swift"; sourceTree = "<group>"; };
		7E9392142C2394A000EE5AEB /* Writer.swift */ = {isa = PBXFileReference; lastKnownFileType = sourcecode.swift; path = Writer.swift; sourceTree = "<group>"; };
		7E9392192C23A51600EE5AEB /* EditReviewView.swift */ = {isa = PBXFileReference; lastKnownFileType = sourcecode.swift; path = EditReviewView.swift; sourceTree = "<group>"; };
		7E93921B2C23A56800EE5AEB /* EditReviewView+ViewModel.swift */ = {isa = PBXFileReference; lastKnownFileType = sourcecode.swift; path = "EditReviewView+ViewModel.swift"; sourceTree = "<group>"; };
		7E9392252C23C62800EE5AEB /* SplashView.swift */ = {isa = PBXFileReference; lastKnownFileType = sourcecode.swift; path = SplashView.swift; sourceTree = "<group>"; };
		7E93922A2C241DC200EE5AEB /* README.md */ = {isa = PBXFileReference; fileEncoding = 4; lastKnownFileType = net.daringfireball.markdown; path = README.md; sourceTree = "<group>"; };
		7E93922C2C241E1C00EE5AEB /* LICENSE */ = {isa = PBXFileReference; fileEncoding = 4; lastKnownFileType = text; name = LICENSE; path = LICENSE/LICENSE; sourceTree = "<group>"; };
/* End PBXFileReference section */

/* Begin PBXFrameworksBuildPhase section */
		7E51FB0C2C24DB7F00E03192 /* Frameworks */ = {
			isa = PBXFrameworksBuildPhase;
			buildActionMask = 2147483647;
			files = (
			);
			runOnlyForDeploymentPostprocessing = 0;
		};
		7E7A8F772C22136B00B4784D /* Frameworks */ = {
			isa = PBXFrameworksBuildPhase;
			buildActionMask = 2147483647;
			files = (
			);
			runOnlyForDeploymentPostprocessing = 0;
		};
/* End PBXFrameworksBuildPhase section */

/* Begin PBXGroup section */
		7E278F602C22AD09002B9CBC /* Services */ = {
			isa = PBXGroup;
			children = (
				7E278F612C22AD26002B9CBC /* MovieFetcher.swift */,
			);
			path = Services;
			sourceTree = "<group>";
		};
		7E278F632C22B27D002B9CBC /* Components */ = {
			isa = PBXGroup;
			children = (
				7E278F662C22B775002B9CBC /* ResultInformation.swift */,
				7E278F6C2C22BAB7002B9CBC /* ChoiceMovieView+PopulatedState.swift */,
				7E278F6E2C22BD3D002B9CBC /* ChoiceMovieView+EmptyState.swift */,
			);
			path = Components;
			sourceTree = "<group>";
		};
		7E7A8F712C22136B00B4784D = {
			isa = PBXGroup;
			children = (
				7E7A8F7C2C22136B00B4784D /* MovieWarm */,
				7E93922A2C241DC200EE5AEB /* README.md */,
				7E93922D2C241E1C00EE5AEB /* LICENSE */,
				7E93922C2C241E1C00EE5AEB /* LICENSE */,
				7E7A8F7B2C22136B00B4784D /* Products */,
			);
			sourceTree = "<group>";
		};
		7E7A8F7B2C22136B00B4784D /* Products */ = {
			isa = PBXGroup;
			children = (
				7E7A8F7A2C22136B00B4784D /* MovieWarm.app */,
				7E51FB0F2C24DB7F00E03192 /* MovieWarmTests.xctest */,
			);
			name = Products;
			sourceTree = "<group>";
		};
		7E7A8F7C2C22136B00B4784D /* MovieWarm */ = {
			isa = PBXGroup;
			children = (
				7E9392242C23C60A00EE5AEB /* Splash Screen */,
				7E7A8F7D2C22136B00B4784D /* MovieWarmApp.swift */,
				7E7A8F832C22136C00B4784D /* Preview Content */,
				7E7A8F812C22136C00B4784D /* Assets.xcassets */,
				7E7A8FEE2C229E7400B4784D /* Config.xcconfig */,
				7E7A8FF02C229FEE00B4784D /* Configuration.swift */,
				7E7A8FEF2C229F1700B4784D /* Info.plist */,
				7E7A8F902C22147600B4784D /* Storage */,
				7E7A8F8F2C22146E00B4784D /* DTOs */,
				7E7A8F9C2C222A8800B4784D /* Extensions */,
				7E7A8FF22C22A69300B4784D /* Error */,
				7E7A8F8D2C2213EE00B4784D /* View */,
			);
			path = MovieWarm;
			sourceTree = "<group>";
		};
		7E7A8F832C22136C00B4784D /* Preview Content */ = {
			isa = PBXGroup;
			children = (
				7E7A8F842C22136C00B4784D /* Preview Assets.xcassets */,
			);
			path = "Preview Content";
			sourceTree = "<group>";
		};
		7E7A8F8D2C2213EE00B4784D /* View */ = {
			isa = PBXGroup;
			children = (
				7E7A8F8E2C22140700B4784D /* UI Components */,
				7E7A8FAD2C223A6A00B4784D /* Home */,
				7E7A8FE72C228C4600B4784D /* Choice Movie */,
				7E7A8FE12C228BE800B4784D /* New Movie Review */,
				7E93920C2C236AE900EE5AEB /* Movie Details */,
				7E9392172C23A32C00EE5AEB /* Edit Review */,
			);
			path = View;
			sourceTree = "<group>";
		};
		7E7A8F8E2C22140700B4784D /* UI Components */ = {
			isa = PBXGroup;
			children = (
				7E278F642C22B288002B9CBC /* ViewState.swift */,
				7E7A8FAE2C223C6300B4784D /* Icons.swift */,
				7E7A8FB12C223D9400B4784D /* Cover.swift */,
				7E7A8FB52C224E9800B4784D /* DeleteButton.swift */,
				7E7A8FDC2C22709700B4784D /* RatingStar.swift */,
				7E7A8FDF2C227AF800B4784D /* EditView.swift */,
				7E7A8FEA2C228FCB00B4784D /* EmptyState.swift */,
			);
			path = "UI Components";
			sourceTree = "<group>";
		};
		7E7A8F8F2C22146E00B4784D /* DTOs */ = {
			isa = PBXGroup;
			children = (
				7E7A8F912C22149900B4784D /* Movie.swift */,
				7E7A8F932C221FCC00B4784D /* Rating.swift */,
			);
			path = DTOs;
			sourceTree = "<group>";
		};
		7E7A8F902C22147600B4784D /* Storage */ = {
			isa = PBXGroup;
			children = (
				7E7A8FA62C22344400B4784D /* Models */,
				7E7A8FA52C22343800B4784D /* Service */,
			);
			path = Storage;
			sourceTree = "<group>";
		};
		7E7A8F9C2C222A8800B4784D /* Extensions */ = {
			isa = PBXGroup;
			children = (
				7E7A8F9D2C222AA600B4784D /* String+Extension.swift */,
				7E7A8FA32C222B8D00B4784D /* Collection+Extension.swift */,
			);
			path = Extensions;
			sourceTree = "<group>";
		};
		7E7A8FA52C22343800B4784D /* Service */ = {
			isa = PBXGroup;
			children = (
				7E7A8FA72C22347400B4784D /* MovieDBService.swift */,
			);
			path = Service;
			sourceTree = "<group>";
		};
		7E7A8FA62C22344400B4784D /* Models */ = {
			isa = PBXGroup;
			children = (
				7E7A8FAB2C22378600B4784D /* Movie+CoreDataClass.swift */,
				7E7A8FA92C22376E00B4784D /* Movie+CoreDataProperties.swift */,
				7E7A8F952C2220BA00B4784D /* MoviesDB.xcdatamodeld */,
				7E7A8F9F2C222B0500B4784D /* Actor.swift */,
				7E9392142C2394A000EE5AEB /* Writer.swift */,
			);
			path = Models;
			sourceTree = "<group>";
		};
		7E7A8FAD2C223A6A00B4784D /* Home */ = {
			isa = PBXGroup;
			children = (
				7E7A8FB02C223D1100B4784D /* Components */,
				7E7A8F7F2C22136B00B4784D /* HomeView.swift */,
				7E7A8FBB2C22512400B4784D /* HomeView+ViewModel.swift */,
			);
			path = Home;
			sourceTree = "<group>";
		};
		7E7A8FB02C223D1100B4784D /* Components */ = {
			isa = PBXGroup;
			children = (
				7E7A8FE82C228E8D00B4784D /* MovieInformation.swift */,
				7E7A8FB72C224F8900B4784D /* HomeView+EmptyStateView.swift */,
				7E7A8FB92C2250A700B4784D /* HomeView+PopulatedStateView.swift */,
			);
			path = Components;
			sourceTree = "<group>";
		};
		7E7A8FE12C228BE800B4784D /* New Movie Review */ = {
			isa = PBXGroup;
			children = (
				7E7A8FE22C228C1200B4784D /* NewMovieReviewView.swift */,
				7E93920A2C23639000EE5AEB /* NewMovieReviewView+ViewModel.swift */,
			);
			path = "New Movie Review";
			sourceTree = "<group>";
		};
		7E7A8FE72C228C4600B4784D /* Choice Movie */ = {
			isa = PBXGroup;
			children = (
				7E278F632C22B27D002B9CBC /* Components */,
				7E278F602C22AD09002B9CBC /* Services */,
				7E7A8FE52C228C3700B4784D /* ChoiceMovieView.swift */,
				7E7A8FEC2C2290C800B4784D /* ChoiceMovie+ViewModel.swift */,
			);
			path = "Choice Movie";
			sourceTree = "<group>";
		};
		7E7A8FF22C22A69300B4784D /* Error */ = {
			isa = PBXGroup;
			children = (
				7E7A8FF32C22A6AF00B4784D /* APIError.swift */,
				7E7A8FF62C22A6D300B4784D /* ConfigError.swift */,
			);
			path = Error;
			sourceTree = "<group>";
		};
		7E93920C2C236AE900EE5AEB /* Movie Details */ = {
			isa = PBXGroup;
			children = (
				7E93920F2C237ADE00EE5AEB /* Components */,
				7E93920D2C236B1F00EE5AEB /* MovieDetailView.swift */,
				7E9392122C237DA800EE5AEB /* MovieDetailView+ViewModel.swift */,
			);
			path = "Movie Details";
			sourceTree = "<group>";
		};
		7E93920F2C237ADE00EE5AEB /* Components */ = {
			isa = PBXGroup;
			children = (
				7E7A8FB32C224A8600B4784D /* Description.swift */,
				7E9392102C237B0500EE5AEB /* MoreDetailView.swift */,
			);
			path = Components;
			sourceTree = "<group>";
		};
		7E9392172C23A32C00EE5AEB /* Edit Review */ = {
			isa = PBXGroup;
			children = (
				7E9392192C23A51600EE5AEB /* EditReviewView.swift */,
				7E93921B2C23A56800EE5AEB /* EditReviewView+ViewModel.swift */,
			);
			path = "Edit Review";
			sourceTree = "<group>";
		};
		7E9392242C23C60A00EE5AEB /* Splash Screen */ = {
			isa = PBXGroup;
			children = (
				7E9392252C23C62800EE5AEB /* SplashView.swift */,
			);
			path = "Splash Screen";
			sourceTree = "<group>";
		};
		7E93922D2C241E1C00EE5AEB /* LICENSE */ = {
			isa = PBXGroup;
			children = (
			);
			path = LICENSE;
			sourceTree = "<group>";
		};
/* End PBXGroup section */

/* Begin PBXNativeTarget section */
		7E51FB0E2C24DB7F00E03192 /* MovieWarmTests */ = {
			isa = PBXNativeTarget;
			buildConfigurationList = 7E51FB172C24DB7F00E03192 /* Build configuration list for PBXNativeTarget "MovieWarmTests" */;
			buildPhases = (
				7E51FB0B2C24DB7F00E03192 /* Sources */,
				7E51FB0C2C24DB7F00E03192 /* Frameworks */,
				7E51FB0D2C24DB7F00E03192 /* Resources */,
			);
			buildRules = (
			);
			dependencies = (
				7E51FB142C24DB7F00E03192 /* PBXTargetDependency */,
			);
			name = MovieWarmTests;
			productName = MovieWarmTests;
			productReference = 7E51FB0F2C24DB7F00E03192 /* MovieWarmTests.xctest */;
			productType = "com.apple.product-type.bundle.unit-test";
		};
		7E7A8F792C22136B00B4784D /* MovieWarm */ = {
			isa = PBXNativeTarget;
			buildConfigurationList = 7E7A8F882C22136C00B4784D /* Build configuration list for PBXNativeTarget "MovieWarm" */;
			buildPhases = (
				7E7A8F762C22136B00B4784D /* Sources */,
				7E7A8F772C22136B00B4784D /* Frameworks */,
				7E7A8F782C22136B00B4784D /* Resources */,
			);
			buildRules = (
			);
			dependencies = (
			);
			name = MovieWarm;
			productName = MovieWarm;
			productReference = 7E7A8F7A2C22136B00B4784D /* MovieWarm.app */;
			productType = "com.apple.product-type.application";
		};
/* End PBXNativeTarget section */

/* Begin PBXProject section */
		7E7A8F722C22136B00B4784D /* Project object */ = {
			isa = PBXProject;
			attributes = {
				BuildIndependentTargetsInParallel = 1;
				LastSwiftUpdateCheck = 1540;
				LastUpgradeCheck = 1540;
				TargetAttributes = {
					7E51FB0E2C24DB7F00E03192 = {
						CreatedOnToolsVersion = 15.4;
						TestTargetID = 7E7A8F792C22136B00B4784D;
					};
					7E7A8F792C22136B00B4784D = {
						CreatedOnToolsVersion = 15.4;
					};
				};
			};
			buildConfigurationList = 7E7A8F752C22136B00B4784D /* Build configuration list for PBXProject "MovieWarm" */;
			compatibilityVersion = "Xcode 14.0";
			developmentRegion = en;
			hasScannedForEncodings = 0;
			knownRegions = (
				en,
				Base,
			);
			mainGroup = 7E7A8F712C22136B00B4784D;
			productRefGroup = 7E7A8F7B2C22136B00B4784D /* Products */;
			projectDirPath = "";
			projectRoot = "";
			targets = (
				7E7A8F792C22136B00B4784D /* MovieWarm */,
				7E51FB0E2C24DB7F00E03192 /* MovieWarmTests */,
			);
		};
/* End PBXProject section */

/* Begin PBXResourcesBuildPhase section */
		7E51FB0D2C24DB7F00E03192 /* Resources */ = {
			isa = PBXResourcesBuildPhase;
			buildActionMask = 2147483647;
			files = (
			);
			runOnlyForDeploymentPostprocessing = 0;
		};
		7E7A8F782C22136B00B4784D /* Resources */ = {
			isa = PBXResourcesBuildPhase;
			buildActionMask = 2147483647;
			files = (
				7E93922B2C241DC200EE5AEB /* README.md in Resources */,
				7E7A8F852C22136C00B4784D /* Preview Assets.xcassets in Resources */,
				7E93922E2C241E1C00EE5AEB /* LICENSE in Resources */,
				7E7A8F822C22136C00B4784D /* Assets.xcassets in Resources */,
			);
			runOnlyForDeploymentPostprocessing = 0;
		};
/* End PBXResourcesBuildPhase section */

/* Begin PBXSourcesBuildPhase section */
		7E51FB0B2C24DB7F00E03192 /* Sources */ = {
			isa = PBXSourcesBuildPhase;
			buildActionMask = 2147483647;
			files = (
			);
			runOnlyForDeploymentPostprocessing = 0;
		};
		7E7A8F762C22136B00B4784D /* Sources */ = {
			isa = PBXSourcesBuildPhase;
			buildActionMask = 2147483647;
			files = (
				7E7A8F9E2C222AA600B4784D /* String+Extension.swift in Sources */,
				7E9392112C237B0500EE5AEB /* MoreDetailView.swift in Sources */,
				7E7A8F972C2220BA00B4784D /* MoviesDB.xcdatamodeld in Sources */,
				7E278F672C22B775002B9CBC /* ResultInformation.swift in Sources */,
				7E93921C2C23A56800EE5AEB /* EditReviewView+ViewModel.swift in Sources */,
				7E278F652C22B288002B9CBC /* ViewState.swift in Sources */,
				7E7A8FAF2C223C6300B4784D /* Icons.swift in Sources */,
				7E7A8FEB2C228FCB00B4784D /* EmptyState.swift in Sources */,
				7E7A8FDD2C22709700B4784D /* RatingStar.swift in Sources */,
				7E7A8F942C221FCC00B4784D /* Rating.swift in Sources */,
				7E7A8FAA2C22376E00B4784D /* Movie+CoreDataProperties.swift in Sources */,
				7E7A8FE02C227AF800B4784D /* EditView.swift in Sources */,
				7E7A8FF72C22A6D300B4784D /* ConfigError.swift in Sources */,
				7E7A8F802C22136B00B4784D /* HomeView.swift in Sources */,
				7E7A8FBC2C22512400B4784D /* HomeView+ViewModel.swift in Sources */,
				7E7A8FA02C222B0500B4784D /* Actor.swift in Sources */,
				7E9392132C237DA800EE5AEB /* MovieDetailView+ViewModel.swift in Sources */,
				7E7A8FE62C228C3700B4784D /* ChoiceMovieView.swift in Sources */,
				7E278F6D2C22BAB7002B9CBC /* ChoiceMovieView+PopulatedState.swift in Sources */,
				7E278F6F2C22BD3D002B9CBC /* ChoiceMovieView+EmptyState.swift in Sources */,
				7E7A8FE92C228E8D00B4784D /* MovieInformation.swift in Sources */,
				7E93920B2C23639000EE5AEB /* NewMovieReviewView+ViewModel.swift in Sources */,
				7E7A8F7E2C22136B00B4784D /* MovieWarmApp.swift in Sources */,
				7E7A8FBA2C2250A700B4784D /* HomeView+PopulatedStateView.swift in Sources */,
				7E7A8FB22C223D9400B4784D /* Cover.swift in Sources */,
				7E7A8FE32C228C1200B4784D /* NewMovieReviewView.swift in Sources */,
				7E7A8FA82C22347400B4784D /* MovieDBService.swift in Sources */,
				7E7A8FB42C224A8600B4784D /* Description.swift in Sources */,
				7E7A8FED2C2290C800B4784D /* ChoiceMovie+ViewModel.swift in Sources */,
				7E7A8FF42C22A6AF00B4784D /* APIError.swift in Sources */,
				7E7A8FF12C229FEE00B4784D /* Configuration.swift in Sources */,
				7E7A8FB82C224F8900B4784D /* HomeView+EmptyStateView.swift in Sources */,
				7E93920E2C236B1F00EE5AEB /* MovieDetailView.swift in Sources */,
				7E7A8F922C22149900B4784D /* Movie.swift in Sources */,
				7E93921A2C23A51600EE5AEB /* EditReviewView.swift in Sources */,
				7E7A8FAC2C22378600B4784D /* Movie+CoreDataClass.swift in Sources */,
				7E278F622C22AD26002B9CBC /* MovieFetcher.swift in Sources */,
				7E9392152C2394A000EE5AEB /* Writer.swift in Sources */,
				7E7A8FA42C222B8D00B4784D /* Collection+Extension.swift in Sources */,
				7E7A8FB62C224E9800B4784D /* DeleteButton.swift in Sources */,
				7E9392262C23C62800EE5AEB /* SplashView.swift in Sources */,
			);
			runOnlyForDeploymentPostprocessing = 0;
		};
/* End PBXSourcesBuildPhase section */

/* Begin PBXTargetDependency section */
		7E51FB142C24DB7F00E03192 /* PBXTargetDependency */ = {
			isa = PBXTargetDependency;
			target = 7E7A8F792C22136B00B4784D /* MovieWarm */;
			targetProxy = 7E51FB132C24DB7F00E03192 /* PBXContainerItemProxy */;
		};
/* End PBXTargetDependency section */

/* Begin XCBuildConfiguration section */
		7E51FB152C24DB7F00E03192 /* Debug */ = {
			isa = XCBuildConfiguration;
			buildSettings = {
				BUNDLE_LOADER = "$(TEST_HOST)";
				CODE_SIGN_STYLE = Automatic;
				CURRENT_PROJECT_VERSION = 1;
				DEVELOPMENT_TEAM = 9798UJJCY4;
				GENERATE_INFOPLIST_FILE = YES;
				MARKETING_VERSION = 1.0;
				PRODUCT_BUNDLE_IDENTIFIER = Isaque.MovieWarmTests;
				PRODUCT_NAME = "$(TARGET_NAME)";
				SWIFT_EMIT_LOC_STRINGS = NO;
				SWIFT_VERSION = 5.0;
				TARGETED_DEVICE_FAMILY = "1,2";
				TEST_HOST = "$(BUILT_PRODUCTS_DIR)/MovieWarm.app/$(BUNDLE_EXECUTABLE_FOLDER_PATH)/MovieWarm";
			};
			name = Debug;
		};
		7E51FB162C24DB7F00E03192 /* Release */ = {
			isa = XCBuildConfiguration;
			buildSettings = {
				BUNDLE_LOADER = "$(TEST_HOST)";
				CODE_SIGN_STYLE = Automatic;
				CURRENT_PROJECT_VERSION = 1;
				DEVELOPMENT_TEAM = 9798UJJCY4;
				GENERATE_INFOPLIST_FILE = YES;
				MARKETING_VERSION = 1.0;
				PRODUCT_BUNDLE_IDENTIFIER = Isaque.MovieWarmTests;
				PRODUCT_NAME = "$(TARGET_NAME)";
				SWIFT_EMIT_LOC_STRINGS = NO;
				SWIFT_VERSION = 5.0;
				TARGETED_DEVICE_FAMILY = "1,2";
				TEST_HOST = "$(BUILT_PRODUCTS_DIR)/MovieWarm.app/$(BUNDLE_EXECUTABLE_FOLDER_PATH)/MovieWarm";
			};
			name = Release;
		};
		7E7A8F862C22136C00B4784D /* Debug */ = {
			isa = XCBuildConfiguration;
			buildSettings = {
				ALWAYS_SEARCH_USER_PATHS = NO;
				ASSETCATALOG_COMPILER_GENERATE_SWIFT_ASSET_SYMBOL_EXTENSIONS = YES;
				CLANG_ANALYZER_NONNULL = YES;
				CLANG_ANALYZER_NUMBER_OBJECT_CONVERSION = YES_AGGRESSIVE;
				CLANG_CXX_LANGUAGE_STANDARD = "gnu++20";
				CLANG_ENABLE_MODULES = YES;
				CLANG_ENABLE_OBJC_ARC = YES;
				CLANG_ENABLE_OBJC_WEAK = YES;
				CLANG_WARN_BLOCK_CAPTURE_AUTORELEASING = YES;
				CLANG_WARN_BOOL_CONVERSION = YES;
				CLANG_WARN_COMMA = YES;
				CLANG_WARN_CONSTANT_CONVERSION = YES;
				CLANG_WARN_DEPRECATED_OBJC_IMPLEMENTATIONS = YES;
				CLANG_WARN_DIRECT_OBJC_ISA_USAGE = YES_ERROR;
				CLANG_WARN_DOCUMENTATION_COMMENTS = YES;
				CLANG_WARN_EMPTY_BODY = YES;
				CLANG_WARN_ENUM_CONVERSION = YES;
				CLANG_WARN_INFINITE_RECURSION = YES;
				CLANG_WARN_INT_CONVERSION = YES;
				CLANG_WARN_NON_LITERAL_NULL_CONVERSION = YES;
				CLANG_WARN_OBJC_IMPLICIT_RETAIN_SELF = YES;
				CLANG_WARN_OBJC_LITERAL_CONVERSION = YES;
				CLANG_WARN_OBJC_ROOT_CLASS = YES_ERROR;
				CLANG_WARN_QUOTED_INCLUDE_IN_FRAMEWORK_HEADER = YES;
				CLANG_WARN_RANGE_LOOP_ANALYSIS = YES;
				CLANG_WARN_STRICT_PROTOTYPES = YES;
				CLANG_WARN_SUSPICIOUS_MOVE = YES;
				CLANG_WARN_UNGUARDED_AVAILABILITY = YES_AGGRESSIVE;
				CLANG_WARN_UNREACHABLE_CODE = YES;
				CLANG_WARN__DUPLICATE_METHOD_MATCH = YES;
				COPY_PHASE_STRIP = NO;
				DEBUG_INFORMATION_FORMAT = dwarf;
				ENABLE_STRICT_OBJC_MSGSEND = YES;
				ENABLE_TESTABILITY = YES;
				ENABLE_USER_SCRIPT_SANDBOXING = YES;
				GCC_C_LANGUAGE_STANDARD = gnu17;
				GCC_DYNAMIC_NO_PIC = NO;
				GCC_NO_COMMON_BLOCKS = YES;
				GCC_OPTIMIZATION_LEVEL = 0;
				GCC_PREPROCESSOR_DEFINITIONS = (
					"DEBUG=1",
					"$(inherited)",
				);
				GCC_WARN_64_TO_32_BIT_CONVERSION = YES;
				GCC_WARN_ABOUT_RETURN_TYPE = YES_ERROR;
				GCC_WARN_UNDECLARED_SELECTOR = YES;
				GCC_WARN_UNINITIALIZED_AUTOS = YES_AGGRESSIVE;
				GCC_WARN_UNUSED_FUNCTION = YES;
				GCC_WARN_UNUSED_VARIABLE = YES;
				IPHONEOS_DEPLOYMENT_TARGET = 17.5;
				LOCALIZATION_PREFERS_STRING_CATALOGS = YES;
				MTL_ENABLE_DEBUG_INFO = INCLUDE_SOURCE;
				MTL_FAST_MATH = YES;
				ONLY_ACTIVE_ARCH = YES;
				SDKROOT = iphoneos;
				SWIFT_ACTIVE_COMPILATION_CONDITIONS = "DEBUG $(inherited)";
				SWIFT_OPTIMIZATION_LEVEL = "-Onone";
			};
			name = Debug;
		};
		7E7A8F872C22136C00B4784D /* Release */ = {
			isa = XCBuildConfiguration;
			buildSettings = {
				ALWAYS_SEARCH_USER_PATHS = NO;
				ASSETCATALOG_COMPILER_GENERATE_SWIFT_ASSET_SYMBOL_EXTENSIONS = YES;
				CLANG_ANALYZER_NONNULL = YES;
				CLANG_ANALYZER_NUMBER_OBJECT_CONVERSION = YES_AGGRESSIVE;
				CLANG_CXX_LANGUAGE_STANDARD = "gnu++20";
				CLANG_ENABLE_MODULES = YES;
				CLANG_ENABLE_OBJC_ARC = YES;
				CLANG_ENABLE_OBJC_WEAK = YES;
				CLANG_WARN_BLOCK_CAPTURE_AUTORELEASING = YES;
				CLANG_WARN_BOOL_CONVERSION = YES;
				CLANG_WARN_COMMA = YES;
				CLANG_WARN_CONSTANT_CONVERSION = YES;
				CLANG_WARN_DEPRECATED_OBJC_IMPLEMENTATIONS = YES;
				CLANG_WARN_DIRECT_OBJC_ISA_USAGE = YES_ERROR;
				CLANG_WARN_DOCUMENTATION_COMMENTS = YES;
				CLANG_WARN_EMPTY_BODY = YES;
				CLANG_WARN_ENUM_CONVERSION = YES;
				CLANG_WARN_INFINITE_RECURSION = YES;
				CLANG_WARN_INT_CONVERSION = YES;
				CLANG_WARN_NON_LITERAL_NULL_CONVERSION = YES;
				CLANG_WARN_OBJC_IMPLICIT_RETAIN_SELF = YES;
				CLANG_WARN_OBJC_LITERAL_CONVERSION = YES;
				CLANG_WARN_OBJC_ROOT_CLASS = YES_ERROR;
				CLANG_WARN_QUOTED_INCLUDE_IN_FRAMEWORK_HEADER = YES;
				CLANG_WARN_RANGE_LOOP_ANALYSIS = YES;
				CLANG_WARN_STRICT_PROTOTYPES = YES;
				CLANG_WARN_SUSPICIOUS_MOVE = YES;
				CLANG_WARN_UNGUARDED_AVAILABILITY = YES_AGGRESSIVE;
				CLANG_WARN_UNREACHABLE_CODE = YES;
				CLANG_WARN__DUPLICATE_METHOD_MATCH = YES;
				COPY_PHASE_STRIP = NO;
				DEBUG_INFORMATION_FORMAT = "dwarf-with-dsym";
				ENABLE_NS_ASSERTIONS = NO;
				ENABLE_STRICT_OBJC_MSGSEND = YES;
				ENABLE_USER_SCRIPT_SANDBOXING = YES;
				GCC_C_LANGUAGE_STANDARD = gnu17;
				GCC_NO_COMMON_BLOCKS = YES;
				GCC_WARN_64_TO_32_BIT_CONVERSION = YES;
				GCC_WARN_ABOUT_RETURN_TYPE = YES_ERROR;
				GCC_WARN_UNDECLARED_SELECTOR = YES;
				GCC_WARN_UNINITIALIZED_AUTOS = YES_AGGRESSIVE;
				GCC_WARN_UNUSED_FUNCTION = YES;
				GCC_WARN_UNUSED_VARIABLE = YES;
				IPHONEOS_DEPLOYMENT_TARGET = 17.5;
				LOCALIZATION_PREFERS_STRING_CATALOGS = YES;
				MTL_ENABLE_DEBUG_INFO = NO;
				MTL_FAST_MATH = YES;
				SDKROOT = iphoneos;
				SWIFT_COMPILATION_MODE = wholemodule;
				VALIDATE_PRODUCT = YES;
			};
			name = Release;
		};
		7E7A8F892C22136C00B4784D /* Debug */ = {
			isa = XCBuildConfiguration;
			baseConfigurationReference = 7E7A8FEE2C229E7400B4784D /* Config.xcconfig */;
			buildSettings = {
				ASSETCATALOG_COMPILER_APPICON_NAME = AppIcon;
				ASSETCATALOG_COMPILER_GLOBAL_ACCENT_COLOR_NAME = AccentColor;
				CODE_SIGN_STYLE = Automatic;
				CURRENT_PROJECT_VERSION = 1;
				DEVELOPMENT_ASSET_PATHS = "\"MovieWarm/Preview Content\"";
				DEVELOPMENT_TEAM = 9798UJJCY4;
				ENABLE_PREVIEWS = YES;
				GENERATE_INFOPLIST_FILE = YES;
				INFOPLIST_FILE = MovieWarm/Info.plist;
				INFOPLIST_KEY_CFBundleDisplayName = "Movie Warm";
				INFOPLIST_KEY_UIApplicationSceneManifest_Generation = YES;
				INFOPLIST_KEY_UIApplicationSupportsIndirectInputEvents = YES;
				INFOPLIST_KEY_UILaunchScreen_Generation = YES;
				INFOPLIST_KEY_UILaunchStoryboardName = LaunchScreen.storyboard;
				INFOPLIST_KEY_UISupportedInterfaceOrientations = UIInterfaceOrientationPortrait;
				INFOPLIST_KEY_UISupportedInterfaceOrientations_iPad = "UIInterfaceOrientationLandscapeLeft UIInterfaceOrientationLandscapeRight UIInterfaceOrientationPortrait UIInterfaceOrientationPortraitUpsideDown";
				IPHONEOS_DEPLOYMENT_TARGET = 17.0;
				LD_RUNPATH_SEARCH_PATHS = (
					"$(inherited)",
					"@executable_path/Frameworks",
				);
				MARKETING_VERSION = 1.0;
				PRODUCT_BUNDLE_IDENTIFIER = Isaque.MovieWarm;
				PRODUCT_NAME = "$(TARGET_NAME)";
				SUPPORTED_PLATFORMS = "iphoneos iphonesimulator";
				SUPPORTS_MACCATALYST = NO;
				SUPPORTS_MAC_DESIGNED_FOR_IPHONE_IPAD = NO;
				SUPPORTS_XR_DESIGNED_FOR_IPHONE_IPAD = NO;
				SWIFT_EMIT_LOC_STRINGS = YES;
				SWIFT_STRICT_CONCURRENCY = complete;
				SWIFT_VERSION = 5.0;
				TARGETED_DEVICE_FAMILY = 1;
			};
			name = Debug;
		};
		7E7A8F8A2C22136C00B4784D /* Release */ = {
			isa = XCBuildConfiguration;
			baseConfigurationReference = 7E7A8FEE2C229E7400B4784D /* Config.xcconfig */;
			buildSettings = {
				ASSETCATALOG_COMPILER_APPICON_NAME = AppIcon;
				ASSETCATALOG_COMPILER_GLOBAL_ACCENT_COLOR_NAME = AccentColor;
				CODE_SIGN_STYLE = Automatic;
				CURRENT_PROJECT_VERSION = 1;
				DEVELOPMENT_ASSET_PATHS = "\"MovieWarm/Preview Content\"";
				DEVELOPMENT_TEAM = 9798UJJCY4;
				ENABLE_PREVIEWS = YES;
				GENERATE_INFOPLIST_FILE = YES;
				INFOPLIST_FILE = MovieWarm/Info.plist;
				INFOPLIST_KEY_CFBundleDisplayName = "Movie Warm";
				INFOPLIST_KEY_UIApplicationSceneManifest_Generation = YES;
				INFOPLIST_KEY_UIApplicationSupportsIndirectInputEvents = YES;
				INFOPLIST_KEY_UILaunchScreen_Generation = YES;
				INFOPLIST_KEY_UILaunchStoryboardName = LaunchScreen.storyboard;
				INFOPLIST_KEY_UISupportedInterfaceOrientations = UIInterfaceOrientationPortrait;
				INFOPLIST_KEY_UISupportedInterfaceOrientations_iPad = "UIInterfaceOrientationLandscapeLeft UIInterfaceOrientationLandscapeRight UIInterfaceOrientationPortrait UIInterfaceOrientationPortraitUpsideDown";
				IPHONEOS_DEPLOYMENT_TARGET = 17.0;
				LD_RUNPATH_SEARCH_PATHS = (
					"$(inherited)",
					"@executable_path/Frameworks",
				);
				MARKETING_VERSION = 1.0;
				PRODUCT_BUNDLE_IDENTIFIER = Isaque.MovieWarm;
				PRODUCT_NAME = "$(TARGET_NAME)";
				SUPPORTED_PLATFORMS = "iphoneos iphonesimulator";
				SUPPORTS_MACCATALYST = NO;
				SUPPORTS_MAC_DESIGNED_FOR_IPHONE_IPAD = NO;
				SUPPORTS_XR_DESIGNED_FOR_IPHONE_IPAD = NO;
				SWIFT_EMIT_LOC_STRINGS = YES;
				SWIFT_STRICT_CONCURRENCY = complete;
				SWIFT_VERSION = 5.0;
				TARGETED_DEVICE_FAMILY = 1;
			};
			name = Release;
		};
/* End XCBuildConfiguration section */

/* Begin XCConfigurationList section */
		7E51FB172C24DB7F00E03192 /* Build configuration list for PBXNativeTarget "MovieWarmTests" */ = {
			isa = XCConfigurationList;
			buildConfigurations = (
				7E51FB152C24DB7F00E03192 /* Debug */,
				7E51FB162C24DB7F00E03192 /* Release */,
			);
			defaultConfigurationIsVisible = 0;
			defaultConfigurationName = Release;
		};
		7E7A8F752C22136B00B4784D /* Build configuration list for PBXProject "MovieWarm" */ = {
			isa = XCConfigurationList;
			buildConfigurations = (
				7E7A8F862C22136C00B4784D /* Debug */,
				7E7A8F872C22136C00B4784D /* Release */,
			);
			defaultConfigurationIsVisible = 0;
			defaultConfigurationName = Release;
		};
		7E7A8F882C22136C00B4784D /* Build configuration list for PBXNativeTarget "MovieWarm" */ = {
			isa = XCConfigurationList;
			buildConfigurations = (
				7E7A8F892C22136C00B4784D /* Debug */,
				7E7A8F8A2C22136C00B4784D /* Release */,
			);
			defaultConfigurationIsVisible = 0;
			defaultConfigurationName = Release;
		};
/* End XCConfigurationList section */

/* Begin XCVersionGroup section */
		7E7A8F952C2220BA00B4784D /* MoviesDB.xcdatamodeld */ = {
			isa = XCVersionGroup;
			children = (
				7E7A8F962C2220BA00B4784D /* MoviesDB.xcdatamodel */,
			);
			currentVersion = 7E7A8F962C2220BA00B4784D /* MoviesDB.xcdatamodel */;
			path = MoviesDB.xcdatamodeld;
			sourceTree = "<group>";
			versionGroupType = wrapper.xcdatamodel;
		};
/* End XCVersionGroup section */
	};
	rootObject = 7E7A8F722C22136B00B4784D /* Project object */;
}
